{
  "version": 4,
  "terraform_version": "1.6.3",
  "serial": 9,
  "lineage": "53eba13c-fd4c-08cb-b940-b92966795dab",
  "outputs": {},
  "resources": [
    {
      "mode": "managed",
      "type": "google_cloud_run_service",
      "name": "default",
      "provider": "provider[\"registry.terraform.io/hashicorp/google\"]",
      "instances": [
        {
          "schema_version": 2,
          "attributes": {
            "autogenerate_revision_name": true,
            "id": "locations/us-central1/namespaces/ciaofresco/services/cloudrun-srv",
            "location": "us-central1",
            "metadata": [
              {
                "annotations": {},
                "effective_annotations": {
                  "run.googleapis.com/ingress": "all",
                  "run.googleapis.com/ingress-status": "all",
                  "run.googleapis.com/operation-id": "3a48266d-1308-4309-bae9-70989bddbf56",
                  "serving.knative.dev/creator": "sa-terraform@ciaofresco.iam.gserviceaccount.com",
                  "serving.knative.dev/lastModifier": "sa-terraform@ciaofresco.iam.gserviceaccount.com"
                },
                "effective_labels": {
                  "cloud.googleapis.com/location": "us-central1"
                },
                "generation": 1,
                "labels": {},
                "namespace": "ciaofresco",
                "resource_version": "AAYJUa1B6sM",
                "self_link": "/apis/serving.knative.dev/v1/namespaces/719617603402/services/cloudrun-srv",
                "terraform_labels": {},
                "uid": "226c59ed-7b22-4389-a830-7d4ea88d1d25"
              }
            ],
            "name": "cloudrun-srv",
            "project": "ciaofresco",
            "status": [
              {
                "conditions": [
                  {
                    "message": "",
                    "reason": "",
                    "status": "True",
                    "type": "Ready"
                  },
                  {
                    "message": "",
                    "reason": "",
                    "status": "True",
                    "type": "ConfigurationsReady"
                  },
                  {
                    "message": "",
                    "reason": "",
                    "status": "True",
                    "type": "RoutesReady"
                  }
                ],
                "latest_created_revision_name": "cloudrun-srv-00001-xvn",
                "latest_ready_revision_name": "cloudrun-srv-00001-xvn",
                "observed_generation": 1,
                "traffic": [
                  {
                    "latest_revision": true,
                    "percent": 100,
                    "revision_name": "cloudrun-srv-00001-xvn",
                    "tag": "",
                    "url": ""
                  }
                ],
                "url": "https://cloudrun-srv-wa2ygxjqua-uc.a.run.app"
              }
            ],
            "template": [
              {
                "metadata": [
                  {
                    "annotations": {
                      "autoscaling.knative.dev/maxScale": "1000",
                      "run.googleapis.com/client-name": "terraform",
                      "run.googleapis.com/cloudsql-instances": "ciaofresco:us-east1:cloudrun-sql"
                    },
                    "generation": 0,
                    "labels": {
                      "run.googleapis.com/startupProbeType": "Default"
                    },
                    "name": "",
                    "namespace": "",
                    "resource_version": "",
                    "self_link": "",
                    "uid": ""
                  }
                ],
                "spec": [
                  {
                    "container_concurrency": 80,
                    "containers": [
                      {
                        "args": [],
                        "command": [],
                        "env": [],
                        "env_from": [],
                        "image": "us-docker.pkg.dev/cloudrun/container/hello",
                        "liveness_probe": [],
                        "name": "",
                        "ports": [
                          {
                            "container_port": 8080,
                            "name": "http1",
                            "protocol": ""
                          }
                        ],
                        "resources": [
                          {
                            "limits": {
                              "cpu": "1000m",
                              "memory": "512Mi"
                            },
                            "requests": {}
                          }
                        ],
                        "startup_probe": [
                          {
                            "failure_threshold": 1,
                            "grpc": [],
                            "http_get": [],
                            "initial_delay_seconds": 0,
                            "period_seconds": 240,
                            "tcp_socket": [
                              {
                                "port": 8080
                              }
                            ],
                            "timeout_seconds": 240
                          }
                        ],
                        "volume_mounts": [],
                        "working_dir": ""
                      }
                    ],
                    "service_account_name": "719617603402-compute@developer.gserviceaccount.com",
                    "serving_state": "",
                    "timeout_seconds": 300,
                    "volumes": []
                  }
                ]
              }
            ],
            "timeouts": null,
            "traffic": [
              {
                "latest_revision": true,
                "percent": 100,
                "revision_name": "",
                "tag": "",
                "url": ""
              }
            ]
          },
          "sensitive_attributes": [],
          "private": "eyJlMmJmYjczMC1lY2FhLTExZTYtOGY4OC0zNDM2M2JjN2M0YzAiOnsiY3JlYXRlIjoxMjAwMDAwMDAwMDAwLCJkZWxldGUiOjEyMDAwMDAwMDAwMDAsInVwZGF0ZSI6MTIwMDAwMDAwMDAwMH0sInNjaGVtYV92ZXJzaW9uIjoiMiJ9",
          "dependencies": [
            "google_compute_network.vpc_network",
            "google_sql_database_instance.ciaofresco-db",
            "google_sql_database_instance.instance"
          ]
        }
      ]
    },
    {
      "mode": "managed",
      "type": "google_compute_network",
      "name": "vpc_network",
      "provider": "provider[\"registry.terraform.io/hashicorp/google\"]",
      "instances": [
        {
          "schema_version": 0,
          "attributes": {
            "auto_create_subnetworks": true,
            "delete_default_routes_on_create": false,
            "description": "",
            "enable_ula_internal_ipv6": false,
            "gateway_ipv4": "",
            "id": "projects/ciaofresco/global/networks/terraform-network",
            "internal_ipv6_range": "",
            "mtu": 0,
            "name": "terraform-network",
            "network_firewall_policy_enforcement_order": "AFTER_CLASSIC_FIREWALL",
            "project": "ciaofresco",
            "routing_mode": "REGIONAL",
            "self_link": "https://www.googleapis.com/compute/v1/projects/ciaofresco/global/networks/terraform-network",
            "timeouts": null
          },
          "sensitive_attributes": [],
          "private": "eyJlMmJmYjczMC1lY2FhLTExZTYtOGY4OC0zNDM2M2JjN2M0YzAiOnsiY3JlYXRlIjoxMjAwMDAwMDAwMDAwLCJkZWxldGUiOjEyMDAwMDAwMDAwMDAsInVwZGF0ZSI6MTIwMDAwMDAwMDAwMH19"
        }
      ]
    },
    {
      "mode": "managed",
      "type": "google_sql_database_instance",
      "name": "ciaofresco-db",
      "provider": "provider[\"registry.terraform.io/hashicorp/google\"]",
      "instances": [
        {
          "schema_version": 0,
          "attributes": {
            "available_maintenance_versions": [],
            "clone": [],
            "connection_name": "ciaofresco:europe-west1:ciaofresco-db",
            "database_version": "MYSQL_8_0_31",
            "deletion_protection": true,
            "dns_name": "",
            "encryption_key_name": null,
            "first_ip_address": "35.233.122.118",
            "id": "ciaofresco-db",
            "instance_type": "CLOUD_SQL_INSTANCE",
            "ip_address": [
              {
                "ip_address": "35.233.122.118",
                "time_to_retire": "",
                "type": "PRIMARY"
              },
              {
                "ip_address": "10.3.128.3",
                "time_to_retire": "",
                "type": "PRIVATE"
              }
            ],
            "maintenance_version": "MYSQL_8_0_31.R20230909.02_07",
            "master_instance_name": "",
            "name": "ciaofresco-db",
            "private_ip_address": "10.3.128.3",
            "project": "ciaofresco",
            "psc_service_attachment_link": "",
            "public_ip_address": "35.233.122.118",
            "region": "europe-west1",
            "replica_configuration": [],
            "restore_backup_context": [],
            "root_password": null,
            "self_link": "https://sqladmin.googleapis.com/sql/v1beta4/projects/ciaofresco/instances/ciaofresco-db",
            "server_ca_cert": [
              {
                "cert": "-----BEGIN CERTIFICATE-----\nMIIDfzCCAmegAwIBAgIBADANBgkqhkiG9w0BAQsFADB3MS0wKwYDVQQuEyRhMDhm\nZjY4OS1hMTc5LTQ2YTYtOGVjOC1jZDZkMjIwMzQwMWIxIzAhBgNVBAMTGkdvb2ds\nZSBDbG91ZCBTUUwgU2VydmVyIENBMRQwEgYDVQQKEwtHb29nbGUsIEluYzELMAkG\nA1UEBhMCVVMwHhcNMjMxMTAyMjE0NTMzWhcNMzMxMDMwMjE0NjMzWjB3MS0wKwYD\nVQQuEyRhMDhmZjY4OS1hMTc5LTQ2YTYtOGVjOC1jZDZkMjIwMzQwMWIxIzAhBgNV\nBAMTGkdvb2dsZSBDbG91ZCBTUUwgU2VydmVyIENBMRQwEgYDVQQKEwtHb29nbGUs\nIEluYzELMAkGA1UEBhMCVVMwggEiMA0GCSqGSIb3DQEBAQUAA4IBDwAwggEKAoIB\nAQC93sMJ+yrXwaoWSyNjUX/9wXFssb1dv4hjSPUUC8kzqLbicbPLRGVFJXtztXm/\n5vRv6nzxvp53uIzNrGrkhyLz7Ws3WuUi00BcxoWtQRN+avApxHBLfDICS2GMUjlN\nrYXRXyhEA+bd+ps+TpMVHp/qh041XGFNlIHR+I0PxGPJVS6LxMKYYEp5oULz1X7g\nHNO/2cQY396AGhZ2muvputRLuacdDMWM1nDvZbUv/YO8pQbH+GoI5YnHLa0IxAK3\nhLOeny46uorMyA8cvlvqrI5QTNkvox0gcWo2om3+mtgy1EjqbOPJEHbZctwIlrX4\nO5JSoxaAWNsSf5YNMJ2RvwHXAgMBAAGjFjAUMBIGA1UdEwEB/wQIMAYBAf8CAQAw\nDQYJKoZIhvcNAQELBQADggEBAB/RnYYCbvTGXhzPwWsS+aSJ8wdmPylaDlWzAqnT\n2P941ZSuXQKYXgy1HE6x0xIHsMR/q9BH/mbk9w6hrjgkzEtljGOBlxyfVzKzr51F\n5Rng1Gy8mz3J4OsrNlUK0MwJutRbuqa8BMprnJa6U8sKGTlOCJweVNFLnytm9tv7\nYRbJTJOJ7qWJBSTJAVSPMaRohcVxDL1Eh97vBA82NXZ03JKHwXW71GGRwLiHm+Qc\nHc9tsVEHVwIAhJZIIR2wDvmSoWL/iXfghlIoS+Ph3mfVcLmLIQ4+6ubJFnpu2TDa\n36UdxE4P6s36RXcRMrnPmXiY7nTQvYlldC570IHa+/I+bD4=\n-----END CERTIFICATE-----",
                "common_name": "C=US,O=Google\\, Inc,CN=Google Cloud SQL Server CA,dnQualifier=a08ff689-a179-46a6-8ec8-cd6d2203401b",
                "create_time": "2023-11-02T21:45:33.429Z",
                "expiration_time": "2033-10-30T21:46:33.429Z",
                "sha1_fingerprint": "6d459f89d6ae3b20939df04c00977bbf5df2d538"
              }
            ],
            "service_account_email_address": "p719617603402-ph5319@gcp-sa-cloud-sql.iam.gserviceaccount.com",
            "settings": [
              {
                "activation_policy": "ALWAYS",
                "active_directory_config": [],
                "advanced_machine_features": [],
                "availability_type": "ZONAL",
                "backup_configuration": [
                  {
                    "backup_retention_settings": [
                      {
                        "retained_backups": 7,
                        "retention_unit": "COUNT"
                      }
                    ],
                    "binary_log_enabled": false,
                    "enabled": true,
                    "location": "eu",
                    "point_in_time_recovery_enabled": false,
                    "start_time": "18:00",
                    "transaction_log_retention_days": 7
                  }
                ],
                "collation": "",
                "connector_enforcement": "NOT_REQUIRED",
                "data_cache_config": [],
                "database_flags": [
                  {
                    "name": "max_connections",
                    "value": "10"
                  }
                ],
                "deletion_protection_enabled": true,
                "deny_maintenance_period": [],
                "disk_autoresize": true,
                "disk_autoresize_limit": 0,
                "disk_size": 10,
                "disk_type": "PD_SSD",
                "edition": "ENTERPRISE",
                "insights_config": [
                  {
                    "query_insights_enabled": true,
                    "query_plans_per_minute": 5,
                    "query_string_length": 1024,
                    "record_application_tags": true,
                    "record_client_address": true
                  }
                ],
                "ip_configuration": [
                  {
                    "allocated_ip_range": "",
                    "authorized_networks": [
                      {
                        "expiration_time": "",
                        "name": "sql connect at time 2023-11-02 22:05:16.086952+00:00",
                        "value": "35.205.57.168"
                      },
                      {
                        "expiration_time": "",
                        "name": "sql connect at time 2023-11-02 22:05:33.673055+00:00",
                        "value": "34.38.138.87"
                      }
                    ],
                    "enable_private_path_for_google_cloud_services": false,
                    "ipv4_enabled": true,
                    "private_network": "projects/ciaofresco/global/networks/default",
                    "psc_config": [],
                    "require_ssl": false
                  }
                ],
                "location_preference": [
                  {
                    "follow_gae_application": "",
                    "secondary_zone": "",
                    "zone": "europe-west1-b"
                  }
                ],
                "maintenance_window": [
                  {
                    "day": 0,
                    "hour": 0,
                    "update_track": ""
                  }
                ],
                "password_validation_policy": [],
                "pricing_plan": "PER_USE",
                "sql_server_audit_config": [],
                "tier": "db-f1-micro",
                "time_zone": "",
                "user_labels": {},
                "version": 24
              }
            ],
            "timeouts": {
              "create": null,
              "delete": null,
              "update": null
            }
          },
          "sensitive_attributes": [],
          "private": "eyJlMmJmYjczMC1lY2FhLTExZTYtOGY4OC0zNDM2M2JjN2M0YzAiOnsiY3JlYXRlIjoyNDAwMDAwMDAwMDAwLCJkZWxldGUiOjE4MDAwMDAwMDAwMDAsInVwZGF0ZSI6MTgwMDAwMDAwMDAwMH0sInNjaGVtYV92ZXJzaW9uIjoiMCJ9"
        }
      ]
    }
  ],
  "check_results": null
}
